
Microsoft Visual Studio Solution File, Format Version 12.00
# Visual Studio Version 17
VisualStudioVersion = 17.1.32210.238
MinimumVisualStudioVersion = 10.0.40219.1
Project("{FAE04EC0-301F-11D3-BF4B-00C04F79EFBC}") = "101BootcampClassGrade", "101BootcampClassGrade\101BootcampClassGrade.csproj", "{2ACF33E9-EDF0-49B4-B036-0CDAB126701D}"
EndProject
Project("{FAE04EC0-301F-11D3-BF4B-00C04F79EFBC}") = "101BootcampClassGradeLibrary", "101BootcampClassGradeLibrary\101BootcampClassGradeLibrary.csproj", "{C1756A42-3D72-47AC-B0DA-B485E3B8C04D}"
EndProject
Global
	GlobalSection(SolutionConfigurationPlatforms) = preSolution
		Debug|Any CPU = Debug|Any CPU
		Release|Any CPU = Release|Any CPU
	EndGlobalSection
	GlobalSection(ProjectConfigurationPlatforms) = postSolution
		{2ACF33E9-EDF0-49B4-B036-0CDAB126701D}.Debug|Any CPU.ActiveCfg = Debug|Any CPU
		{2ACF33E9-EDF0-49B4-B036-0CDAB126701D}.Debug|Any CPU.Build.0 = Debug|Any CPU
		{2ACF33E9-EDF0-49B4-B036-0CDAB126701D}.Release|Any CPU.ActiveCfg = Release|Any CPU
		{2ACF33E9-EDF0-49B4-B036-0CDAB126701D}.Release|Any CPU.Build.0 = Release|Any CPU
		{C1756A42-3D72-47AC-B0DA-B485E3B8C04D}.Debug|Any CPU.ActiveCfg = Debug|Any CPU
		{C1756A42-3D72-47AC-B0DA-B485E3B8C04D}.Debug|Any CPU.Build.0 = Debug|Any CPU
		{C1756A42-3D72-47AC-B0DA-B485E3B8C04D}.Release|Any CPU.ActiveCfg = Release|Any CPU
		{C1756A42-3D72-47AC-B0DA-B485E3B8C04D}.Release|Any CPU.Build.0 = Release|Any CPU
	EndGlobalSection
	GlobalSection(SolutionProperties) = preSolution
		HideSolutionNode = FALSE
	EndGlobalSection
	GlobalSection(ExtensibilityGlobals) = postSolution
		SolutionGuid = {5286D0F1-3D7B-4CA5-9759-58BAEDC83D5A}
	EndGlobalSection
EndGlobal
